{
  "name": "temp-dev-test",
  "version": "1.0.0",
  "lockfileVersion": 3,
  "requires": true,
  "packages": {
    "": {
      "name": "temp-dev-test",
      "version": "1.0.0",
      "license": "ISC",
      "dependencies": {
        "@trustvault/sdk-core": "file:../projects/TrustVault-frontend/src/sdk"
      }
    },
    "../projects/TrustVault-frontend/src/sdk": {
      "name": "@trustvault/sdk-core",
      "version": "1.0.0",
      "license": "MIT"
    },
    "node_modules/@trustvault/sdk-core": {
      "resolved": "../projects/TrustVault-frontend/src/sdk",
      "link": true
    }
  }
}
